
Microsoft Visual Studio Solution File, Format Version 12.00
# Visual Studio Version 17
VisualStudioVersion = 17.7.34024.191
MinimumVisualStudioVersion = 10.0.40219.1
Project("{FAE04EC0-301F-11D3-BF4B-00C04F79EFBC}") = "Shapeifelse", "Shapeifelse.csproj", "{0A5A7861-A89A-4A9D-9D41-81760C051E17}"
EndProject
Global
	GlobalSection(SolutionConfigurationPlatforms) = preSolution
		Debug|Any CPU = Debug|Any CPU
		Release|Any CPU = Release|Any CPU
	EndGlobalSection
	GlobalSection(ProjectConfigurationPlatforms) = postSolution
		{0A5A7861-A89A-4A9D-9D41-81760C051E17}.Debug|Any CPU.ActiveCfg = Debug|Any CPU
		{0A5A7861-A89A-4A9D-9D41-81760C051E17}.Debug|Any CPU.Build.0 = Debug|Any CPU
		{0A5A7861-A89A-4A9D-9D41-81760C051E17}.Release|Any CPU.ActiveCfg = Release|Any CPU
		{0A5A7861-A89A-4A9D-9D41-81760C051E17}.Release|Any CPU.Build.0 = Release|Any CPU
	EndGlobalSection
	GlobalSection(SolutionProperties) = preSolution
		HideSolutionNode = FALSE
	EndGlobalSection
	GlobalSection(ExtensibilityGlobals) = postSolution
		SolutionGuid = {9DBB5CB4-9E64-4FFD-BB79-61985452F8E4}
	EndGlobalSection
EndGlobal
