
Microsoft Visual Studio Solution File, Format Version 12.00
# Visual Studio Version 17
VisualStudioVersion = 17.7.34024.191
MinimumVisualStudioVersion = 10.0.40219.1
Project("{FAE04EC0-301F-11D3-BF4B-00C04F79EFBC}") = "BankAccount", "BankAccount\BankAccount.csproj", "{70EE30DF-3A71-4DEA-9474-DD8D5C70ABC7}"
EndProject
Global
	GlobalSection(SolutionConfigurationPlatforms) = preSolution
		Debug|Any CPU = Debug|Any CPU
		Release|Any CPU = Release|Any CPU
	EndGlobalSection
	GlobalSection(ProjectConfigurationPlatforms) = postSolution
		{70EE30DF-3A71-4DEA-9474-DD8D5C70ABC7}.Debug|Any CPU.ActiveCfg = Debug|Any CPU
		{70EE30DF-3A71-4DEA-9474-DD8D5C70ABC7}.Debug|Any CPU.Build.0 = Debug|Any CPU
		{70EE30DF-3A71-4DEA-9474-DD8D5C70ABC7}.Release|Any CPU.ActiveCfg = Release|Any CPU
		{70EE30DF-3A71-4DEA-9474-DD8D5C70ABC7}.Release|Any CPU.Build.0 = Release|Any CPU
	EndGlobalSection
	GlobalSection(SolutionProperties) = preSolution
		HideSolutionNode = FALSE
	EndGlobalSection
	GlobalSection(ExtensibilityGlobals) = postSolution
		SolutionGuid = {AAB9B28F-0D6E-4C39-B9FF-1ED02BA30D35}
	EndGlobalSection
EndGlobal
