
Microsoft Visual Studio Solution File, Format Version 12.00
# Visual Studio Version 17
VisualStudioVersion = 17.7.34221.43
MinimumVisualStudioVersion = 10.0.40219.1
Project("{FAE04EC0-301F-11D3-BF4B-00C04F79EFBC}") = "MyClassLine", "MyClassLine\MyClassLine.csproj", "{BF45886F-D2A4-4504-A6D0-6C6B9E45F33C}"
EndProject
Global
	GlobalSection(SolutionConfigurationPlatforms) = preSolution
		Debug|Any CPU = Debug|Any CPU
		Release|Any CPU = Release|Any CPU
	EndGlobalSection
	GlobalSection(ProjectConfigurationPlatforms) = postSolution
		{BF45886F-D2A4-4504-A6D0-6C6B9E45F33C}.Debug|Any CPU.ActiveCfg = Debug|Any CPU
		{BF45886F-D2A4-4504-A6D0-6C6B9E45F33C}.Debug|Any CPU.Build.0 = Debug|Any CPU
		{BF45886F-D2A4-4504-A6D0-6C6B9E45F33C}.Release|Any CPU.ActiveCfg = Release|Any CPU
		{BF45886F-D2A4-4504-A6D0-6C6B9E45F33C}.Release|Any CPU.Build.0 = Release|Any CPU
	EndGlobalSection
	GlobalSection(SolutionProperties) = preSolution
		HideSolutionNode = FALSE
	EndGlobalSection
	GlobalSection(ExtensibilityGlobals) = postSolution
		SolutionGuid = {90ECF874-5724-45EB-8871-80911B7A1FE2}
	EndGlobalSection
EndGlobal
