
Microsoft Visual Studio Solution File, Format Version 12.00
# Visual Studio Version 17
VisualStudioVersion = 17.7.34221.43
MinimumVisualStudioVersion = 10.0.40219.1
Project("{FAE04EC0-301F-11D3-BF4B-00C04F79EFBC}") = "ProgressionTask", "ProgressionTask\ProgressionTask.csproj", "{DF07B989-3775-4729-84A9-4135DA6BE442}"
EndProject
Global
	GlobalSection(SolutionConfigurationPlatforms) = preSolution
		Debug|Any CPU = Debug|Any CPU
		Release|Any CPU = Release|Any CPU
	EndGlobalSection
	GlobalSection(ProjectConfigurationPlatforms) = postSolution
		{DF07B989-3775-4729-84A9-4135DA6BE442}.Debug|Any CPU.ActiveCfg = Debug|Any CPU
		{DF07B989-3775-4729-84A9-4135DA6BE442}.Debug|Any CPU.Build.0 = Debug|Any CPU
		{DF07B989-3775-4729-84A9-4135DA6BE442}.Release|Any CPU.ActiveCfg = Release|Any CPU
		{DF07B989-3775-4729-84A9-4135DA6BE442}.Release|Any CPU.Build.0 = Release|Any CPU
	EndGlobalSection
	GlobalSection(SolutionProperties) = preSolution
		HideSolutionNode = FALSE
	EndGlobalSection
	GlobalSection(ExtensibilityGlobals) = postSolution
		SolutionGuid = {335B1934-6F2E-44B3-A039-681B546148F3}
	EndGlobalSection
EndGlobal
