
Microsoft Visual Studio Solution File, Format Version 12.00
# Visual Studio Version 17
VisualStudioVersion = 17.7.34024.191
MinimumVisualStudioVersion = 10.0.40219.1
Project("{FAE04EC0-301F-11D3-BF4B-00C04F79EFBC}") = "DivideIt", "Divider\DivideIt.csproj", "{2A2FD693-6358-46D8-ABF9-552032DB63E6}"
EndProject
Global
	GlobalSection(SolutionConfigurationPlatforms) = preSolution
		Debug|Any CPU = Debug|Any CPU
		Release|Any CPU = Release|Any CPU
	EndGlobalSection
	GlobalSection(ProjectConfigurationPlatforms) = postSolution
		{2A2FD693-6358-46D8-ABF9-552032DB63E6}.Debug|Any CPU.ActiveCfg = Debug|Any CPU
		{2A2FD693-6358-46D8-ABF9-552032DB63E6}.Debug|Any CPU.Build.0 = Debug|Any CPU
		{2A2FD693-6358-46D8-ABF9-552032DB63E6}.Release|Any CPU.ActiveCfg = Release|Any CPU
		{2A2FD693-6358-46D8-ABF9-552032DB63E6}.Release|Any CPU.Build.0 = Release|Any CPU
	EndGlobalSection
	GlobalSection(SolutionProperties) = preSolution
		HideSolutionNode = FALSE
	EndGlobalSection
	GlobalSection(ExtensibilityGlobals) = postSolution
		SolutionGuid = {21CBCCBA-E27F-4F75-887D-B0EF61480615}
	EndGlobalSection
EndGlobal
